
Microsoft Visual Studio Solution File, Format Version 12.00
# Visual Studio Version 17
VisualStudioVersion = 17.2.32519.379
MinimumVisualStudioVersion = 10.0.40219.1
Project("{FAE04EC0-301F-11D3-BF4B-00C04F79EFBC}") = "LabBigSchool", "LabBigSchool\LabBigSchool.csproj", "{A870328E-EDEC-4BC6-82EC-7DE88A0DCC96}"
EndProject
Global
	GlobalSection(SolutionConfigurationPlatforms) = preSolution
		Debug|Any CPU = Debug|Any CPU
		Release|Any CPU = Release|Any CPU
	EndGlobalSection
	GlobalSection(ProjectConfigurationPlatforms) = postSolution
		{A870328E-EDEC-4BC6-82EC-7DE88A0DCC96}.Debug|Any CPU.ActiveCfg = Debug|Any CPU
		{A870328E-EDEC-4BC6-82EC-7DE88A0DCC96}.Debug|Any CPU.Build.0 = Debug|Any CPU
		{A870328E-EDEC-4BC6-82EC-7DE88A0DCC96}.Release|Any CPU.ActiveCfg = Release|Any CPU
		{A870328E-EDEC-4BC6-82EC-7DE88A0DCC96}.Release|Any CPU.Build.0 = Release|Any CPU
	EndGlobalSection
	GlobalSection(SolutionProperties) = preSolution
		HideSolutionNode = FALSE
	EndGlobalSection
	GlobalSection(ExtensibilityGlobals) = postSolution
		SolutionGuid = {C37F0DF5-406B-4E6E-A6E6-DEFEFB7A5055}
	EndGlobalSection
EndGlobal
